
Microsoft Visual Studio Solution File, Format Version 12.00
# Visual Studio Version 17
VisualStudioVersion = 17.3.32804.467
MinimumVisualStudioVersion = 10.0.40219.1
Project("{2150E333-8FDC-42A3-9474-1A3956D46DE8}") = "Services", "Services", "{C2CE29E5-47C6-4340-8F38-FE81FB75DBFE}"
EndProject
Project("{2150E333-8FDC-42A3-9474-1A3956D46DE8}") = "Catalog", "Catalog", "{09E9682B-9ADC-4E2C-AE00-2B646762914F}"
EndProject
Project("{9A19103F-16F7-4668-BE54-9A1E7A4F7556}") = "Catalog.API", "Services\Catalog\Catalog.API\Catalog.API.csproj", "{0E6630AA-9D48-4835-8BE6-C510887D26DF}"
EndProject
Project("{E53339B2-1760-4266-BCC7-CA923CBCF16C}") = "docker-compose", "docker-compose.dcproj", "{FB7F55F4-C7C2-4099-861A-F951B9EF7485}"
EndProject
Project("{2150E333-8FDC-42A3-9474-1A3956D46DE8}") = "Basket", "Basket", "{DE2E57F0-01A6-4639-9B2F-07512D13D946}"
EndProject
Project("{9A19103F-16F7-4668-BE54-9A1E7A4F7556}") = "Basket.API", "Services\Basket\Basket.API\Basket.API.csproj", "{3AA0C00B-F30D-4AEA-8F79-810AE2F0277C}"
EndProject
Project("{2150E333-8FDC-42A3-9474-1A3956D46DE8}") = "Discount", "Discount", "{FDB89079-8439-4E9A-9A61-64320EAF0AEA}"
EndProject
Project("{9A19103F-16F7-4668-BE54-9A1E7A4F7556}") = "Discount.API", "Services\Discount\Discount.API\Discount.API.csproj", "{E0873D3F-CBB8-4680-97BF-6F7C88FF72F8}"
EndProject
Project("{9A19103F-16F7-4668-BE54-9A1E7A4F7556}") = "Discount.Grpc", "Services\Discount\Discount.Grpc\Discount.Grpc.csproj", "{6F6293BE-7391-4521-8ABB-C5F0037E1622}"
EndProject
Project("{2150E333-8FDC-42A3-9474-1A3956D46DE8}") = "Ordering", "Ordering", "{685B4DF0-D827-4D74-85CE-F9D5E92142E1}"
EndProject
Project("{FAE04EC0-301F-11D3-BF4B-00C04F79EFBC}") = "Ordering.API", "Services\Ordering\Ordering.API\Ordering.API.csproj", "{BD1C0FD1-5B79-465D-B4AB-4A7785666ACB}"
EndProject
Global
	GlobalSection(SolutionConfigurationPlatforms) = preSolution
		Debug|Any CPU = Debug|Any CPU
		Release|Any CPU = Release|Any CPU
	EndGlobalSection
	GlobalSection(ProjectConfigurationPlatforms) = postSolution
		{0E6630AA-9D48-4835-8BE6-C510887D26DF}.Debug|Any CPU.ActiveCfg = Debug|Any CPU
		{0E6630AA-9D48-4835-8BE6-C510887D26DF}.Debug|Any CPU.Build.0 = Debug|Any CPU
		{0E6630AA-9D48-4835-8BE6-C510887D26DF}.Release|Any CPU.ActiveCfg = Release|Any CPU
		{0E6630AA-9D48-4835-8BE6-C510887D26DF}.Release|Any CPU.Build.0 = Release|Any CPU
		{FB7F55F4-C7C2-4099-861A-F951B9EF7485}.Debug|Any CPU.ActiveCfg = Debug|Any CPU
		{FB7F55F4-C7C2-4099-861A-F951B9EF7485}.Debug|Any CPU.Build.0 = Debug|Any CPU
		{FB7F55F4-C7C2-4099-861A-F951B9EF7485}.Release|Any CPU.ActiveCfg = Release|Any CPU
		{FB7F55F4-C7C2-4099-861A-F951B9EF7485}.Release|Any CPU.Build.0 = Release|Any CPU
		{3AA0C00B-F30D-4AEA-8F79-810AE2F0277C}.Debug|Any CPU.ActiveCfg = Debug|Any CPU
		{3AA0C00B-F30D-4AEA-8F79-810AE2F0277C}.Debug|Any CPU.Build.0 = Debug|Any CPU
		{3AA0C00B-F30D-4AEA-8F79-810AE2F0277C}.Release|Any CPU.ActiveCfg = Release|Any CPU
		{3AA0C00B-F30D-4AEA-8F79-810AE2F0277C}.Release|Any CPU.Build.0 = Release|Any CPU
		{E0873D3F-CBB8-4680-97BF-6F7C88FF72F8}.Debug|Any CPU.ActiveCfg = Debug|Any CPU
		{E0873D3F-CBB8-4680-97BF-6F7C88FF72F8}.Debug|Any CPU.Build.0 = Debug|Any CPU
		{E0873D3F-CBB8-4680-97BF-6F7C88FF72F8}.Release|Any CPU.ActiveCfg = Release|Any CPU
		{E0873D3F-CBB8-4680-97BF-6F7C88FF72F8}.Release|Any CPU.Build.0 = Release|Any CPU
		{6F6293BE-7391-4521-8ABB-C5F0037E1622}.Debug|Any CPU.ActiveCfg = Debug|Any CPU
		{6F6293BE-7391-4521-8ABB-C5F0037E1622}.Debug|Any CPU.Build.0 = Debug|Any CPU
		{6F6293BE-7391-4521-8ABB-C5F0037E1622}.Release|Any CPU.ActiveCfg = Release|Any CPU
		{6F6293BE-7391-4521-8ABB-C5F0037E1622}.Release|Any CPU.Build.0 = Release|Any CPU
		{BD1C0FD1-5B79-465D-B4AB-4A7785666ACB}.Debug|Any CPU.ActiveCfg = Debug|Any CPU
		{BD1C0FD1-5B79-465D-B4AB-4A7785666ACB}.Debug|Any CPU.Build.0 = Debug|Any CPU
		{BD1C0FD1-5B79-465D-B4AB-4A7785666ACB}.Release|Any CPU.ActiveCfg = Release|Any CPU
		{BD1C0FD1-5B79-465D-B4AB-4A7785666ACB}.Release|Any CPU.Build.0 = Release|Any CPU
	EndGlobalSection
	GlobalSection(SolutionProperties) = preSolution
		HideSolutionNode = FALSE
	EndGlobalSection
	GlobalSection(NestedProjects) = preSolution
		{09E9682B-9ADC-4E2C-AE00-2B646762914F} = {C2CE29E5-47C6-4340-8F38-FE81FB75DBFE}
		{0E6630AA-9D48-4835-8BE6-C510887D26DF} = {09E9682B-9ADC-4E2C-AE00-2B646762914F}
		{DE2E57F0-01A6-4639-9B2F-07512D13D946} = {C2CE29E5-47C6-4340-8F38-FE81FB75DBFE}
		{3AA0C00B-F30D-4AEA-8F79-810AE2F0277C} = {DE2E57F0-01A6-4639-9B2F-07512D13D946}
		{FDB89079-8439-4E9A-9A61-64320EAF0AEA} = {C2CE29E5-47C6-4340-8F38-FE81FB75DBFE}
		{E0873D3F-CBB8-4680-97BF-6F7C88FF72F8} = {FDB89079-8439-4E9A-9A61-64320EAF0AEA}
		{6F6293BE-7391-4521-8ABB-C5F0037E1622} = {FDB89079-8439-4E9A-9A61-64320EAF0AEA}
		{685B4DF0-D827-4D74-85CE-F9D5E92142E1} = {C2CE29E5-47C6-4340-8F38-FE81FB75DBFE}
		{BD1C0FD1-5B79-465D-B4AB-4A7785666ACB} = {685B4DF0-D827-4D74-85CE-F9D5E92142E1}
	EndGlobalSection
	GlobalSection(ExtensibilityGlobals) = postSolution
		SolutionGuid = {ABA53ABA-560E-4F9B-9304-7B36A20C92EE}
	EndGlobalSection
EndGlobal
